
Microsoft Visual Studio Solution File, Format Version 12.00
# Visual Studio Version 17
VisualStudioVersion = 17.4.33103.184
MinimumVisualStudioVersion = 10.0.40219.1
Project("{FAE04EC0-301F-11D3-BF4B-00C04F79EFBC}") = "DanceApp", "DanceApp\DanceApp.csproj", "{54A9D826-FE7E-439F-BBF4-1DB30DF04A0B}"
EndProject
Global
	GlobalSection(SolutionConfigurationPlatforms) = preSolution
		Debug|Any CPU = Debug|Any CPU
		Release|Any CPU = Release|Any CPU
	EndGlobalSection
	GlobalSection(ProjectConfigurationPlatforms) = postSolution
		{54A9D826-FE7E-439F-BBF4-1DB30DF04A0B}.Debug|Any CPU.ActiveCfg = Debug|Any CPU
		{54A9D826-FE7E-439F-BBF4-1DB30DF04A0B}.Debug|Any CPU.Build.0 = Debug|Any CPU
		{54A9D826-FE7E-439F-BBF4-1DB30DF04A0B}.Release|Any CPU.ActiveCfg = Release|Any CPU
		{54A9D826-FE7E-439F-BBF4-1DB30DF04A0B}.Release|Any CPU.Build.0 = Release|Any CPU
	EndGlobalSection
	GlobalSection(SolutionProperties) = preSolution
		HideSolutionNode = FALSE
	EndGlobalSection
	GlobalSection(ExtensibilityGlobals) = postSolution
		SolutionGuid = {DD1BC9F5-8860-4B47-96D3-C097754AD8ED}
	EndGlobalSection
EndGlobal
