
Microsoft Visual Studio Solution File, Format Version 12.00
# Visual Studio Version 17
VisualStudioVersion = 17.4.33103.184
MinimumVisualStudioVersion = 10.0.40219.1
Project("{FAE04EC0-301F-11D3-BF4B-00C04F79EFBC}") = "SQLite Probe", "SQLite Probe\SQLite Probe.csproj", "{C80B3619-B0A1-4759-A0B5-E78D9C4DD7D5}"
EndProject
Global
	GlobalSection(SolutionConfigurationPlatforms) = preSolution
		Debug|Any CPU = Debug|Any CPU
		Release|Any CPU = Release|Any CPU
	EndGlobalSection
	GlobalSection(ProjectConfigurationPlatforms) = postSolution
		{C80B3619-B0A1-4759-A0B5-E78D9C4DD7D5}.Debug|Any CPU.ActiveCfg = Debug|Any CPU
		{C80B3619-B0A1-4759-A0B5-E78D9C4DD7D5}.Debug|Any CPU.Build.0 = Debug|Any CPU
		{C80B3619-B0A1-4759-A0B5-E78D9C4DD7D5}.Release|Any CPU.ActiveCfg = Release|Any CPU
		{C80B3619-B0A1-4759-A0B5-E78D9C4DD7D5}.Release|Any CPU.Build.0 = Release|Any CPU
	EndGlobalSection
	GlobalSection(SolutionProperties) = preSolution
		HideSolutionNode = FALSE
	EndGlobalSection
	GlobalSection(ExtensibilityGlobals) = postSolution
		SolutionGuid = {3839A809-73BB-4857-A65E-EA35D086B728}
	EndGlobalSection
EndGlobal
